# THIS IS AN AUTOGENERATED FILE. DO NOT EDIT THIS FILE DIRECTLY.
# yarn lockfile v1


rn-viewpager@^1.2.9:
  version "1.2.9"
  resolved "https://registry.yarnpkg.com/rn-viewpager/-/rn-viewpager-1.2.9.tgz#7f06f898e23b296f3b5be7c98bd9101d94427779"
  integrity sha512-wN4HlNhjTkrg25qBeEHTJ6TzRGtLu8SpKSZ9/mWcgWHMNr3RT06Zzrky3Tg14PPgaPp//6h02FCcAaQ83VGdgQ==
